{
  "pins" : [
    {
      "identity" : "foodlabelscanner",
      "kind" : "remoteSourceControl",
      "location" : "https://github.com/pxlshpr/FoodLabelScanner",
      "state" : {
        "revision" : "8509bfab86d94e5e354bcf949e20dba5995a64ad",
        "version" : "0.0.22"
      }
    },
    {
      "identity" : "prepunits",
      "kind" : "remoteSourceControl",
      "location" : "https://github.com/pxlshpr/PrepUnits",
      "state" : {
        "revision" : "64b15198ee18483d65f0f440b4d1df7573755402",
        "version" : "0.0.58"
      }
    },
    {
      "identity" : "swifthaptics",
      "kind" : "remoteSourceControl",
      "location" : "https://github.com/pxlshpr/SwiftHaptics",
      "state" : {
        "revision" : "6300a8681b551f3df1023266116ca9700dbd14f9",
        "version" : "0.1.0"
      }
    },
    {
      "identity" : "swiftsugar",
      "kind" : "remoteSourceControl",
      "location" : "https://github.com/pxlshpr/SwiftSugar",
      "state" : {
        "revision" : "70cf7f766d611ec114a67c059b4bdbfcabb8865a",
        "version" : "0.0.57"
      }
    },
    {
      "identity" : "swiftuisugar",
      "kind" : "remoteSourceControl",
      "location" : "https://github.com/pxlshpr/SwiftUISugar",
      "state" : {
        "revision" : "e0222ce74a9b3b549e02076b2552af282300ae3e",
        "version" : "0.0.169"
      }
    },
    {
      "identity" : "visionsugar",
      "kind" : "remoteSourceControl",
      "location" : "https://github.com/pxlshpr/VisionSugar",
      "state" : {
        "revision" : "ad0cd07cb505aeba234ad7a7296956c433f88bad",
        "version" : "0.0.54"
      }
    }
  ],
  "version" : 2
}
