{
  "pins" : [
    {
      "identity" : "foodlabelscanner",
      "kind" : "remoteSourceControl",
      "location" : "https://github.com/pxlshpr/FoodLabelScanner",
      "state" : {
        "revision" : "56f0745c7344c022de1414719d4ba1c7e15b7014",
        "version" : "0.0.69"
      }
    },
    {
      "identity" : "prepunits",
      "kind" : "remoteSourceControl",
      "location" : "https://github.com/pxlshpr/PrepUnits",
      "state" : {
        "revision" : "c9520a3752f49f94597d25e716a95480f78d24c9",
        "version" : "0.0.102"
      }
    },
    {
      "identity" : "swifthaptics",
      "kind" : "remoteSourceControl",
      "location" : "https://github.com/pxlshpr/SwiftHaptics",
      "state" : {
        "revision" : "6300a8681b551f3df1023266116ca9700dbd14f9",
        "version" : "0.1.0"
      }
    },
    {
      "identity" : "swiftsugar",
      "kind" : "remoteSourceControl",
      "location" : "https://github.com/pxlshpr/SwiftSugar",
      "state" : {
        "revision" : "ec4f4c280c41c6c99741e065d635c470926d75d5",
        "version" : "0.0.69"
      }
    },
    {
      "identity" : "swiftuisugar",
      "kind" : "remoteSourceControl",
      "location" : "https://github.com/pxlshpr/SwiftUISugar",
      "state" : {
        "revision" : "439700ba56418091d97d3b2d18317d7f109f216b",
        "version" : "0.0.194"
      }
    },
    {
      "identity" : "visionsugar",
      "kind" : "remoteSourceControl",
      "location" : "https://github.com/pxlshpr/VisionSugar",
      "state" : {
        "revision" : "240da8f4eff92d36429472a8ea63144f262174b7",
        "version" : "0.0.72"
      }
    }
  ],
  "version" : 2
}
