{
  "pins" : [
    {
      "identity" : "fooddatatypes",
      "kind" : "remoteSourceControl",
      "location" : "https://github.com/pxlshpr/FoodDataTypes",
      "state" : {
        "revision" : "d42d7aa4caa98fa1e4d877338a57d974de132b7c",
        "version" : "0.0.23"
      }
    },
    {
      "identity" : "swiftsugar",
      "kind" : "remoteSourceControl",
      "location" : "https://github.com/pxlshpr/SwiftSugar",
      "state" : {
        "revision" : "1a03a2ca2ea9c0f459e0870c25e8470556bbc842",
        "version" : "0.0.97"
      }
    },
    {
      "identity" : "viewsugar",
      "kind" : "remoteSourceControl",
      "location" : "https://github.com/pxlshpr/ViewSugar",
      "state" : {
        "revision" : "f1b896f2ab2ff7ebb2ab7c2ab9f40b3987aaa8cc",
        "version" : "0.0.4"
      }
    },
    {
      "identity" : "visionsugar",
      "kind" : "remoteSourceControl",
      "location" : "https://github.com/pxlshpr/VisionSugar",
      "state" : {
        "revision" : "603c843e2482d44233259a4eb38012114c859054",
        "version" : "0.0.80"
      }
    }
  ],
  "version" : 2
}
